
Microsoft Visual Studio Solution File, Format Version 12.00
# Visual Studio Version 17
VisualStudioVersion = 17.2.32516.85
MinimumVisualStudioVersion = 10.0.40219.1
Project("{FAE04EC0-301F-11D3-BF4B-00C04F79EFBC}") = "KitapSatisSayfasi", "KitapSatisSayfasi\KitapSatisSayfasi.csproj", "{8F8F7224-098F-48A4-866A-1FA55605452A}"
EndProject
Global
	GlobalSection(SolutionConfigurationPlatforms) = preSolution
		Debug|Any CPU = Debug|Any CPU
		Release|Any CPU = Release|Any CPU
	EndGlobalSection
	GlobalSection(ProjectConfigurationPlatforms) = postSolution
		{8F8F7224-098F-48A4-866A-1FA55605452A}.Debug|Any CPU.ActiveCfg = Debug|Any CPU
		{8F8F7224-098F-48A4-866A-1FA55605452A}.Debug|Any CPU.Build.0 = Debug|Any CPU
		{8F8F7224-098F-48A4-866A-1FA55605452A}.Release|Any CPU.ActiveCfg = Release|Any CPU
		{8F8F7224-098F-48A4-866A-1FA55605452A}.Release|Any CPU.Build.0 = Release|Any CPU
	EndGlobalSection
	GlobalSection(SolutionProperties) = preSolution
		HideSolutionNode = FALSE
	EndGlobalSection
	GlobalSection(ExtensibilityGlobals) = postSolution
		SolutionGuid = {B7382297-69CE-4755-A543-9EB3FAE4FD5D}
	EndGlobalSection
EndGlobal
